// !$*UTF8*$!
{
	archiveVersion = 1;
	classes = {
	};
	objectVersion = 48;
	objects = {

/* Begin PBXBuildFile section */
		DF033346200A1DD30070523F /* VictoryView.xib in Resources */ = {isa = PBXBuildFile; fileRef = DF033345200A1DD30070523F /* VictoryView.xib */; };
		DF03334A200A1F370070523F /* VictoryView.swift in Sources */ = {isa = PBXBuildFile; fileRef = DF033349200A1F370070523F /* VictoryView.swift */; };
		DF03334C200A1F420070523F /* DefeatView.xib in Resources */ = {isa = PBXBuildFile; fileRef = DF03334B200A1F420070523F /* DefeatView.xib */; };
		DF03334E200A217C0070523F /* DefeatView.swift in Sources */ = {isa = PBXBuildFile; fileRef = DF03334D200A217C0070523F /* DefeatView.swift */; };
		DF0BC2AB2006BC9F00848759 /* AppDelegate.swift in Sources */ = {isa = PBXBuildFile; fileRef = DF0BC2AA2006BC9F00848759 /* AppDelegate.swift */; };
		DF0BC2AF2006BC9F00848759 /* GameViewController.swift in Sources */ = {isa = PBXBuildFile; fileRef = DF0BC2AE2006BC9F00848759 /* GameViewController.swift */; };
		DF0BC2B22006BC9F00848759 /* Main.storyboard in Resources */ = {isa = PBXBuildFile; fileRef = DF0BC2B02006BC9F00848759 /* Main.storyboard */; };
		DF0BC2B72006BC9F00848759 /* LaunchScreen.storyboard in Resources */ = {isa = PBXBuildFile; fileRef = DF0BC2B52006BC9F00848759 /* LaunchScreen.storyboard */; };
		DF0BC2C42006C03C00848759 /* SoundType.swift in Sources */ = {isa = PBXBuildFile; fileRef = DF0BC2C32006C03C00848759 /* SoundType.swift */; };
		DF0BC2D32006C09000848759 /* buff.wav in Resources */ = {isa = PBXBuildFile; fileRef = DF0BC2CC2006C09000848759 /* buff.wav */; };
		DF0BC2D62006C26600848759 /* GameScene.swift in Sources */ = {isa = PBXBuildFile; fileRef = DF0BC2D52006C26600848759 /* GameScene.swift */; };
		DF10B44E2008F202007DC248 /* ScoreView.xib in Resources */ = {isa = PBXBuildFile; fileRef = DF10B44D2008F202007DC248 /* ScoreView.xib */; };
		DF10B4522008F7DE007DC248 /* LLPIXEL3.ttf in Resources */ = {isa = PBXBuildFile; fileRef = DF10B4512008F7D9007DC248 /* LLPIXEL3.ttf */; };
		DF10B4542008FA1E007DC248 /* ScoreView.swift in Sources */ = {isa = PBXBuildFile; fileRef = DF10B4532008FA1E007DC248 /* ScoreView.swift */; };
		DF2E12522006CD5300F099FE /* NodeType.swift in Sources */ = {isa = PBXBuildFile; fileRef = DF2E12512006CD5300F099FE /* NodeType.swift */; };
		DF2E12542006D51900F099FE /* Assets.xcassets in Resources */ = {isa = PBXBuildFile; fileRef = DF2E12532006D51900F099FE /* Assets.xcassets */; };
		DFFBE9E3200B86A70067844B /* ResultViewController.swift in Sources */ = {isa = PBXBuildFile; fileRef = DFFBE9E2200B86A70067844B /* ResultViewController.swift */; };
		DFFBE9E5200B91890067844B /* UIView.swift in Sources */ = {isa = PBXBuildFile; fileRef = DFFBE9E4200B91890067844B /* UIView.swift */; };
		DFFBE9EA200BC0220067844B /* Utils.swift in Sources */ = {isa = PBXBuildFile; fileRef = DFFBE9E9200BC0220067844B /* Utils.swift */; };
		DFFBE9EE200C00720067844B /* shot.mp3 in Resources */ = {isa = PBXBuildFile; fileRef = DFFBE9ED200C00720067844B /* shot.mp3 */; };
		DFFBE9F2200C020A0067844B /* hit.wav in Resources */ = {isa = PBXBuildFile; fileRef = DFFBE9F1200C02090067844B /* hit.wav */; };
		DFFBE9F4200C03820067844B /* Constants.swift in Sources */ = {isa = PBXBuildFile; fileRef = DFFBE9F3200C03820067844B /* Constants.swift */; };
		DFFBE9F7200C06310067844B /* Localizable.strings in Resources */ = {isa = PBXBuildFile; fileRef = DFFBE9F9200C06310067844B /* Localizable.strings */; };
		DFFBE9FB200C06AC0067844B /* String.swift in Sources */ = {isa = PBXBuildFile; fileRef = DFFBE9FA200C06AC0067844B /* String.swift */; };
		DFFBE9FD200C0AA00067844B /* UIViewController.swift in Sources */ = {isa = PBXBuildFile; fileRef = DFFBE9FC200C0AA00067844B /* UIViewController.swift */; };
		DFFBE9FF200C0ABB0067844B /* Identifiable.swift in Sources */ = {isa = PBXBuildFile; fileRef = DFFBE9FE200C0ABB0067844B /* Identifiable.swift */; };
		DFFE34E42007FAC900CAB509 /* LevelOne.sks in Resources */ = {isa = PBXBuildFile; fileRef = DFFE34E32007FAC900CAB509 /* LevelOne.sks */; };
		DFFE34EA200802E400CAB509 /* Anchor.swift in Sources */ = {isa = PBXBuildFile; fileRef = DFFE34E9200802E400CAB509 /* Anchor.swift */; };
		DFFE34ED20080FEA00CAB509 /* AVPlayer.swift in Sources */ = {isa = PBXBuildFile; fileRef = DFFE34EC20080FEA00CAB509 /* AVPlayer.swift */; };
		DFFE34F02008107100CAB509 /* theme.mp3 in Resources */ = {isa = PBXBuildFile; fileRef = DFFE34EF2008107100CAB509 /* theme.mp3 */; };
		DFFE34F2200816CF00CAB509 /* UIButton.swift in Sources */ = {isa = PBXBuildFile; fileRef = DFFE34F1200816CF00CAB509 /* UIButton.swift */; };
		DFFE34F5200818AA00CAB509 /* MusicManager.swift in Sources */ = {isa = PBXBuildFile; fileRef = DFFE34F4200818AA00CAB509 /* MusicManager.swift */; };
		DFFE34F7200819B500CAB509 /* MusicState.swift in Sources */ = {isa = PBXBuildFile; fileRef = DFFE34F6200819B500CAB509 /* MusicState.swift */; };
		DFFE34F920081BFB00CAB509 /* HomeViewController.swift in Sources */ = {isa = PBXBuildFile; fileRef = DFFE34F820081BFB00CAB509 /* HomeViewController.swift */; };
		DFFE34FC20081FF700CAB509 /* Roundable.swift in Sources */ = {isa = PBXBuildFile; fileRef = DFFE34FB20081FF700CAB509 /* Roundable.swift */; };
/* End PBXBuildFile section */

/* Begin PBXFileReference section */
		DF033345200A1DD30070523F /* VictoryView.xib */ = {isa = PBXFileReference; lastKnownFileType = file.xib; path = VictoryView.xib; sourceTree = "<group>"; };
		DF033349200A1F370070523F /* VictoryView.swift */ = {isa = PBXFileReference; lastKnownFileType = sourcecode.swift; path = VictoryView.swift; sourceTree = "<group>"; };
		DF03334B200A1F420070523F /* DefeatView.xib */ = {isa = PBXFileReference; lastKnownFileType = file.xib; path = DefeatView.xib; sourceTree = "<group>"; };
		DF03334D200A217C0070523F /* DefeatView.swift */ = {isa = PBXFileReference; lastKnownFileType = sourcecode.swift; path = DefeatView.swift; sourceTree = "<group>"; };
		DF0BC2A72006BC9F00848759 /* ARbusters.app */ = {isa = PBXFileReference; explicitFileType = wrapper.application; includeInIndex = 0; path = ARbusters.app; sourceTree = BUILT_PRODUCTS_DIR; };
		DF0BC2AA2006BC9F00848759 /* AppDelegate.swift */ = {isa = PBXFileReference; lastKnownFileType = sourcecode.swift; path = AppDelegate.swift; sourceTree = "<group>"; };
		DF0BC2AE2006BC9F00848759 /* GameViewController.swift */ = {isa = PBXFileReference; lastKnownFileType = sourcecode.swift; path = GameViewController.swift; sourceTree = "<group>"; };
		DF0BC2B12006BC9F00848759 /* Base */ = {isa = PBXFileReference; lastKnownFileType = file.storyboard; name = Base; path = Base.lproj/Main.storyboard; sourceTree = "<group>"; };
		DF0BC2B62006BC9F00848759 /* Base */ = {isa = PBXFileReference; lastKnownFileType = file.storyboard; name = Base; path = Base.lproj/LaunchScreen.storyboard; sourceTree = "<group>"; };
		DF0BC2B82006BC9F00848759 /* Info.plist */ = {isa = PBXFileReference; lastKnownFileType = text.plist.xml; path = Info.plist; sourceTree = "<group>"; };
		DF0BC2C32006C03C00848759 /* SoundType.swift */ = {isa = PBXFileReference; lastKnownFileType = sourcecode.swift; path = SoundType.swift; sourceTree = "<group>"; };
		DF0BC2CC2006C09000848759 /* buff.wav */ = {isa = PBXFileReference; lastKnownFileType = audio.wav; path = buff.wav; sourceTree = "<group>"; };
		DF0BC2D52006C26600848759 /* GameScene.swift */ = {isa = PBXFileReference; lastKnownFileType = sourcecode.swift; path = GameScene.swift; sourceTree = "<group>"; };
		DF10B44D2008F202007DC248 /* ScoreView.xib */ = {isa = PBXFileReference; lastKnownFileType = file.xib; path = ScoreView.xib; sourceTree = "<group>"; };
		DF10B4512008F7D9007DC248 /* LLPIXEL3.ttf */ = {isa = PBXFileReference; lastKnownFileType = file; path = LLPIXEL3.ttf; sourceTree = "<group>"; };
		DF10B4532008FA1E007DC248 /* ScoreView.swift */ = {isa = PBXFileReference; lastKnownFileType = sourcecode.swift; path = ScoreView.swift; sourceTree = "<group>"; };
		DF2E12512006CD5300F099FE /* NodeType.swift */ = {isa = PBXFileReference; lastKnownFileType = sourcecode.swift; path = NodeType.swift; sourceTree = "<group>"; };
		DF2E12532006D51900F099FE /* Assets.xcassets */ = {isa = PBXFileReference; lastKnownFileType = folder.assetcatalog; path = Assets.xcassets; sourceTree = "<group>"; };
		DFFBE9E2200B86A70067844B /* ResultViewController.swift */ = {isa = PBXFileReference; lastKnownFileType = sourcecode.swift; path = ResultViewController.swift; sourceTree = "<group>"; };
		DFFBE9E4200B91890067844B /* UIView.swift */ = {isa = PBXFileReference; lastKnownFileType = sourcecode.swift; path = UIView.swift; sourceTree = "<group>"; };
		DFFBE9E9200BC0220067844B /* Utils.swift */ = {isa = PBXFileReference; lastKnownFileType = sourcecode.swift; path = Utils.swift; sourceTree = "<group>"; };
		DFFBE9ED200C00720067844B /* shot.mp3 */ = {isa = PBXFileReference; lastKnownFileType = audio.mp3; path = shot.mp3; sourceTree = "<group>"; };
		DFFBE9F1200C02090067844B /* hit.wav */ = {isa = PBXFileReference; lastKnownFileType = audio.wav; path = hit.wav; sourceTree = "<group>"; };
		DFFBE9F3200C03820067844B /* Constants.swift */ = {isa = PBXFileReference; lastKnownFileType = sourcecode.swift; path = Constants.swift; sourceTree = "<group>"; };
		DFFBE9F8200C06310067844B /* en */ = {isa = PBXFileReference; lastKnownFileType = text.plist.strings; name = en; path = en.lproj/Localizable.strings; sourceTree = "<group>"; };
		DFFBE9FA200C06AC0067844B /* String.swift */ = {isa = PBXFileReference; lastKnownFileType = sourcecode.swift; path = String.swift; sourceTree = "<group>"; };
		DFFBE9FC200C0AA00067844B /* UIViewController.swift */ = {isa = PBXFileReference; lastKnownFileType = sourcecode.swift; path = UIViewController.swift; sourceTree = "<group>"; };
		DFFBE9FE200C0ABB0067844B /* Identifiable.swift */ = {isa = PBXFileReference; lastKnownFileType = sourcecode.swift; path = Identifiable.swift; sourceTree = "<group>"; };
		DFFE34E32007FAC900CAB509 /* LevelOne.sks */ = {isa = PBXFileReference; lastKnownFileType = file.sks; path = LevelOne.sks; sourceTree = "<group>"; };
		DFFE34E9200802E400CAB509 /* Anchor.swift */ = {isa = PBXFileReference; lastKnownFileType = sourcecode.swift; path = Anchor.swift; sourceTree = "<group>"; };
		DFFE34EC20080FEA00CAB509 /* AVPlayer.swift */ = {isa = PBXFileReference; lastKnownFileType = sourcecode.swift; path = AVPlayer.swift; sourceTree = "<group>"; };
		DFFE34EF2008107100CAB509 /* theme.mp3 */ = {isa = PBXFileReference; lastKnownFileType = audio.mp3; path = theme.mp3; sourceTree = "<group>"; };
		DFFE34F1200816CF00CAB509 /* UIButton.swift */ = {isa = PBXFileReference; lastKnownFileType = sourcecode.swift; path = UIButton.swift; sourceTree = "<group>"; };
		DFFE34F4200818AA00CAB509 /* MusicManager.swift */ = {isa = PBXFileReference; lastKnownFileType = sourcecode.swift; path = MusicManager.swift; sourceTree = "<group>"; };
		DFFE34F6200819B500CAB509 /* MusicState.swift */ = {isa = PBXFileReference; lastKnownFileType = sourcecode.swift; path = MusicState.swift; sourceTree = "<group>"; };
		DFFE34F820081BFB00CAB509 /* HomeViewController.swift */ = {isa = PBXFileReference; lastKnownFileType = sourcecode.swift; path = HomeViewController.swift; sourceTree = "<group>"; };
		DFFE34FB20081FF700CAB509 /* Roundable.swift */ = {isa = PBXFileReference; fileEncoding = 4; lastKnownFileType = sourcecode.swift; path = Roundable.swift; sourceTree = "<group>"; };
/* End PBXFileReference section */

/* Begin PBXFrameworksBuildPhase section */
		DF0BC2A42006BC9F00848759 /* Frameworks */ = {
			isa = PBXFrameworksBuildPhase;
			buildActionMask = 2147483647;
			files = (
			);
			runOnlyForDeploymentPostprocessing = 0;
		};
/* End PBXFrameworksBuildPhase section */

/* Begin PBXGroup section */
		DF033350200A4AFF0070523F /* Contexts */ = {
			isa = PBXGroup;
			children = (
				DF033352200A4B350070523F /* Home */,
				DF033353200A4B3C0070523F /* Game */,
				DF033354200A4B450070523F /* Result */,
			);
			path = Contexts;
			sourceTree = "<group>";
		};
		DF033352200A4B350070523F /* Home */ = {
			isa = PBXGroup;
			children = (
				DFFE34F820081BFB00CAB509 /* HomeViewController.swift */,
			);
			path = Home;
			sourceTree = "<group>";
		};
		DF033353200A4B3C0070523F /* Game */ = {
			isa = PBXGroup;
			children = (
				DF0BC2AE2006BC9F00848759 /* GameViewController.swift */,
				DF0BC2D42006C24400848759 /* Scenes */,
			);
			path = Game;
			sourceTree = "<group>";
		};
		DF033354200A4B450070523F /* Result */ = {
			isa = PBXGroup;
			children = (
				DFFBE9E2200B86A70067844B /* ResultViewController.swift */,
			);
			path = Result;
			sourceTree = "<group>";
		};
		DF033356200A4BC20070523F /* Model */ = {
			isa = PBXGroup;
			children = (
				DFFE34E9200802E400CAB509 /* Anchor.swift */,
			);
			path = Model;
			sourceTree = "<group>";
		};
		DF033357200A4BEC0070523F /* Highest Scores */ = {
			isa = PBXGroup;
			children = (
				DF10B44D2008F202007DC248 /* ScoreView.xib */,
				DF10B4532008FA1E007DC248 /* ScoreView.swift */,
			);
			path = "Highest Scores";
			sourceTree = "<group>";
		};
		DF033358200A4C040070523F /* Victory */ = {
			isa = PBXGroup;
			children = (
				DF033345200A1DD30070523F /* VictoryView.xib */,
				DF033349200A1F370070523F /* VictoryView.swift */,
			);
			path = Victory;
			sourceTree = "<group>";
		};
		DF033359200A4C0F0070523F /* Defeat */ = {
			isa = PBXGroup;
			children = (
				DF03334B200A1F420070523F /* DefeatView.xib */,
				DF03334D200A217C0070523F /* DefeatView.swift */,
			);
			path = Defeat;
			sourceTree = "<group>";
		};
		DF0BC29E2006BC9F00848759 = {
			isa = PBXGroup;
			children = (
				DF0BC2A92006BC9F00848759 /* ARbusters */,
				DF0BC2A82006BC9F00848759 /* Products */,
			);
			sourceTree = "<group>";
		};
		DF0BC2A82006BC9F00848759 /* Products */ = {
			isa = PBXGroup;
			children = (
				DF0BC2A72006BC9F00848759 /* ARbusters.app */,
			);
			name = Products;
			sourceTree = "<group>";
		};
		DF0BC2A92006BC9F00848759 /* ARbusters */ = {
			isa = PBXGroup;
			children = (
				DF033356200A4BC20070523F /* Model */,
				DF033350200A4AFF0070523F /* Contexts */,
				DF0BC2BE2006BEA300848759 /* Storyboards */,
				DF10B44C2008F1EF007DC248 /* Views */,
				DFFE34F32008189300CAB509 /* Managers */,
				DFFE34FA20081FE300CAB509 /* Protocols */,
				DFFE34EB20080FD900CAB509 /* Extensions */,
				DF0BC2C22006C02900848759 /* Enumerations */,
				DFFBE9E8200BC00E0067844B /* Utils */,
				DF0BC2C02006BEC300848759 /* Configurations */,
				DF0BC2BF2006BEB900848759 /* Resources */,
			);
			path = ARbusters;
			sourceTree = "<group>";
		};
		DF0BC2BE2006BEA300848759 /* Storyboards */ = {
			isa = PBXGroup;
			children = (
				DF0BC2B02006BC9F00848759 /* Main.storyboard */,
				DF0BC2B52006BC9F00848759 /* LaunchScreen.storyboard */,
			);
			path = Storyboards;
			sourceTree = "<group>";
		};
		DF0BC2BF2006BEB900848759 /* Resources */ = {
			isa = PBXGroup;
			children = (
				DF10B4502008F7CF007DC248 /* Fonts */,
				DFFE34EE2008106000CAB509 /* Background Music */,
				DF2E12532006D51900F099FE /* Assets.xcassets */,
				DF0BC2C52006C09000848759 /* Sound Effects */,
				DFFBE9F9200C06310067844B /* Localizable.strings */,
			);
			path = Resources;
			sourceTree = "<group>";
		};
		DF0BC2C02006BEC300848759 /* Configurations */ = {
			isa = PBXGroup;
			children = (
				DF0BC2AA2006BC9F00848759 /* AppDelegate.swift */,
				DF0BC2B82006BC9F00848759 /* Info.plist */,
			);
			path = Configurations;
			sourceTree = "<group>";
		};
		DF0BC2C22006C02900848759 /* Enumerations */ = {
			isa = PBXGroup;
			children = (
				DF0BC2C32006C03C00848759 /* SoundType.swift */,
				DF2E12512006CD5300F099FE /* NodeType.swift */,
				DFFE34F6200819B500CAB509 /* MusicState.swift */,
			);
			path = Enumerations;
			sourceTree = "<group>";
		};
		DF0BC2C52006C09000848759 /* Sound Effects */ = {
			isa = PBXGroup;
			children = (
				DFFBE9F1200C02090067844B /* hit.wav */,
				DFFBE9ED200C00720067844B /* shot.mp3 */,
				DF0BC2CC2006C09000848759 /* buff.wav */,
			);
			path = "Sound Effects";
			sourceTree = "<group>";
		};
		DF0BC2D42006C24400848759 /* Scenes */ = {
			isa = PBXGroup;
			children = (
				DF0BC2D52006C26600848759 /* GameScene.swift */,
				DFFE34E32007FAC900CAB509 /* LevelOne.sks */,
			);
			path = Scenes;
			sourceTree = "<group>";
		};
		DF10B44C2008F1EF007DC248 /* Views */ = {
			isa = PBXGroup;
			children = (
				DF033359200A4C0F0070523F /* Defeat */,
				DF033358200A4C040070523F /* Victory */,
				DF033357200A4BEC0070523F /* Highest Scores */,
			);
			path = Views;
			sourceTree = "<group>";
		};
		DF10B4502008F7CF007DC248 /* Fonts */ = {
			isa = PBXGroup;
			children = (
				DF10B4512008F7D9007DC248 /* LLPIXEL3.ttf */,
			);
			path = Fonts;
			sourceTree = "<group>";
		};
		DFFBE9E8200BC00E0067844B /* Utils */ = {
			isa = PBXGroup;
			children = (
				DFFBE9E9200BC0220067844B /* Utils.swift */,
				DFFBE9F3200C03820067844B /* Constants.swift */,
			);
			path = Utils;
			sourceTree = "<group>";
		};
		DFFE34EB20080FD900CAB509 /* Extensions */ = {
			isa = PBXGroup;
			children = (
				DFFE34EC20080FEA00CAB509 /* AVPlayer.swift */,
				DFFE34F1200816CF00CAB509 /* UIButton.swift */,
				DFFBE9E4200B91890067844B /* UIView.swift */,
				DFFBE9FA200C06AC0067844B /* String.swift */,
				DFFBE9FC200C0AA00067844B /* UIViewController.swift */,
			);
			path = Extensions;
			sourceTree = "<group>";
		};
		DFFE34EE2008106000CAB509 /* Background Music */ = {
			isa = PBXGroup;
			children = (
				DFFE34EF2008107100CAB509 /* theme.mp3 */,
			);
			path = "Background Music";
			sourceTree = "<group>";
		};
		DFFE34F32008189300CAB509 /* Managers */ = {
			isa = PBXGroup;
			children = (
				DFFE34F4200818AA00CAB509 /* MusicManager.swift */,
			);
			path = Managers;
			sourceTree = "<group>";
		};
		DFFE34FA20081FE300CAB509 /* Protocols */ = {
			isa = PBXGroup;
			children = (
				DFFE34FB20081FF700CAB509 /* Roundable.swift */,
				DFFBE9FE200C0ABB0067844B /* Identifiable.swift */,
			);
			path = Protocols;
			sourceTree = "<group>";
		};
/* End PBXGroup section */

/* Begin PBXNativeTarget section */
		DF0BC2A62006BC9F00848759 /* ARbusters */ = {
			isa = PBXNativeTarget;
			buildConfigurationList = DF0BC2BB2006BC9F00848759 /* Build configuration list for PBXNativeTarget "ARbusters" */;
			buildPhases = (
				DF0BC2A32006BC9F00848759 /* Sources */,
				DF0BC2A42006BC9F00848759 /* Frameworks */,
				DF0BC2A52006BC9F00848759 /* Resources */,
			);
			buildRules = (
			);
			dependencies = (
			);
			name = ARbusters;
			productName = ARniegeddon;
			productReference = DF0BC2A72006BC9F00848759 /* ARbusters.app */;
			productType = "com.apple.product-type.application";
		};
/* End PBXNativeTarget section */

/* Begin PBXProject section */
		DF0BC29F2006BC9F00848759 /* Project object */ = {
			isa = PBXProject;
			attributes = {
				LastSwiftUpdateCheck = 0920;
				LastUpgradeCheck = 0920;
				ORGANIZATIONNAME = "Pedro Carrasco";
				TargetAttributes = {
					DF0BC2A62006BC9F00848759 = {
						CreatedOnToolsVersion = 9.2;
						ProvisioningStyle = Automatic;
					};
				};
			};
			buildConfigurationList = DF0BC2A22006BC9F00848759 /* Build configuration list for PBXProject "ARbusters" */;
			compatibilityVersion = "Xcode 8.0";
			developmentRegion = en;
			hasScannedForEncodings = 0;
			knownRegions = (
				en,
				Base,
			);
			mainGroup = DF0BC29E2006BC9F00848759;
			productRefGroup = DF0BC2A82006BC9F00848759 /* Products */;
			projectDirPath = "";
			projectRoot = "";
			targets = (
				DF0BC2A62006BC9F00848759 /* ARbusters */,
			);
		};
/* End PBXProject section */

/* Begin PBXResourcesBuildPhase section */
		DF0BC2A52006BC9F00848759 /* Resources */ = {
			isa = PBXResourcesBuildPhase;
			buildActionMask = 2147483647;
			files = (
				DFFBE9F2200C020A0067844B /* hit.wav in Resources */,
				DFFE34F02008107100CAB509 /* theme.mp3 in Resources */,
				DF03334C200A1F420070523F /* DefeatView.xib in Resources */,
				DF10B4522008F7DE007DC248 /* LLPIXEL3.ttf in Resources */,
				DF0BC2B72006BC9F00848759 /* LaunchScreen.storyboard in Resources */,
				DF033346200A1DD30070523F /* VictoryView.xib in Resources */,
				DF10B44E2008F202007DC248 /* ScoreView.xib in Resources */,
				DFFE34E42007FAC900CAB509 /* LevelOne.sks in Resources */,
				DFFBE9EE200C00720067844B /* shot.mp3 in Resources */,
				DFFBE9F7200C06310067844B /* Localizable.strings in Resources */,
				DF0BC2D32006C09000848759 /* buff.wav in Resources */,
				DF0BC2B22006BC9F00848759 /* Main.storyboard in Resources */,
				DF2E12542006D51900F099FE /* Assets.xcassets in Resources */,
			);
			runOnlyForDeploymentPostprocessing = 0;
		};
/* End PBXResourcesBuildPhase section */

/* Begin PBXSourcesBuildPhase section */
		DF0BC2A32006BC9F00848759 /* Sources */ = {
			isa = PBXSourcesBuildPhase;
			buildActionMask = 2147483647;
			files = (
				DF0BC2AF2006BC9F00848759 /* GameViewController.swift in Sources */,
				DFFBE9F4200C03820067844B /* Constants.swift in Sources */,
				DFFBE9FB200C06AC0067844B /* String.swift in Sources */,
				DF0BC2AB2006BC9F00848759 /* AppDelegate.swift in Sources */,
				DF0BC2D62006C26600848759 /* GameScene.swift in Sources */,
				DFFBE9E3200B86A70067844B /* ResultViewController.swift in Sources */,
				DFFE34F7200819B500CAB509 /* MusicState.swift in Sources */,
				DFFE34F5200818AA00CAB509 /* MusicManager.swift in Sources */,
				DFFE34F2200816CF00CAB509 /* UIButton.swift in Sources */,
				DFFE34FC20081FF700CAB509 /* Roundable.swift in Sources */,
				DF2E12522006CD5300F099FE /* NodeType.swift in Sources */,
				DFFE34F920081BFB00CAB509 /* HomeViewController.swift in Sources */,
				DF03334E200A217C0070523F /* DefeatView.swift in Sources */,
				DFFBE9EA200BC0220067844B /* Utils.swift in Sources */,
				DFFBE9FD200C0AA00067844B /* UIViewController.swift in Sources */,
				DF03334A200A1F370070523F /* VictoryView.swift in Sources */,
				DFFE34EA200802E400CAB509 /* Anchor.swift in Sources */,
				DFFBE9E5200B91890067844B /* UIView.swift in Sources */,
				DF0BC2C42006C03C00848759 /* SoundType.swift in Sources */,
				DFFBE9FF200C0ABB0067844B /* Identifiable.swift in Sources */,
				DF10B4542008FA1E007DC248 /* ScoreView.swift in Sources */,
				DFFE34ED20080FEA00CAB509 /* AVPlayer.swift in Sources */,
			);
			runOnlyForDeploymentPostprocessing = 0;
		};
/* End PBXSourcesBuildPhase section */

/* Begin PBXVariantGroup section */
		DF0BC2B02006BC9F00848759 /* Main.storyboard */ = {
			isa = PBXVariantGroup;
			children = (
				DF0BC2B12006BC9F00848759 /* Base */,
			);
			name = Main.storyboard;
			sourceTree = "<group>";
		};
		DF0BC2B52006BC9F00848759 /* LaunchScreen.storyboard */ = {
			isa = PBXVariantGroup;
			children = (
				DF0BC2B62006BC9F00848759 /* Base */,
			);
			name = LaunchScreen.storyboard;
			sourceTree = "<group>";
		};
		DFFBE9F9200C06310067844B /* Localizable.strings */ = {
			isa = PBXVariantGroup;
			children = (
				DFFBE9F8200C06310067844B /* en */,
			);
			name = Localizable.strings;
			sourceTree = "<group>";
		};
/* End PBXVariantGroup section */

/* Begin XCBuildConfiguration section */
		DF0BC2B92006BC9F00848759 /* Debug */ = {
			isa = XCBuildConfiguration;
			buildSettings = {
				ALWAYS_SEARCH_USER_PATHS = NO;
				CLANG_ANALYZER_NONNULL = YES;
				CLANG_ANALYZER_NUMBER_OBJECT_CONVERSION = YES_AGGRESSIVE;
				CLANG_CXX_LANGUAGE_STANDARD = "gnu++14";
				CLANG_CXX_LIBRARY = "libc++";
				CLANG_ENABLE_MODULES = YES;
				CLANG_ENABLE_OBJC_ARC = YES;
				CLANG_WARN_BLOCK_CAPTURE_AUTORELEASING = YES;
				CLANG_WARN_BOOL_CONVERSION = YES;
				CLANG_WARN_COMMA = YES;
				CLANG_WARN_CONSTANT_CONVERSION = YES;
				CLANG_WARN_DIRECT_OBJC_ISA_USAGE = YES_ERROR;
				CLANG_WARN_DOCUMENTATION_COMMENTS = YES;
				CLANG_WARN_EMPTY_BODY = YES;
				CLANG_WARN_ENUM_CONVERSION = YES;
				CLANG_WARN_INFINITE_RECURSION = YES;
				CLANG_WARN_INT_CONVERSION = YES;
				CLANG_WARN_NON_LITERAL_NULL_CONVERSION = YES;
				CLANG_WARN_OBJC_LITERAL_CONVERSION = YES;
				CLANG_WARN_OBJC_ROOT_CLASS = YES_ERROR;
				CLANG_WARN_RANGE_LOOP_ANALYSIS = YES;
				CLANG_WARN_STRICT_PROTOTYPES = YES;
				CLANG_WARN_SUSPICIOUS_MOVE = YES;
				CLANG_WARN_UNGUARDED_AVAILABILITY = YES_AGGRESSIVE;
				CLANG_WARN_UNREACHABLE_CODE = YES;
				CLANG_WARN__DUPLICATE_METHOD_MATCH = YES;
				CODE_SIGN_IDENTITY = "iPhone Developer";
				COPY_PHASE_STRIP = NO;
				DEBUG_INFORMATION_FORMAT = dwarf;
				ENABLE_STRICT_OBJC_MSGSEND = YES;
				ENABLE_TESTABILITY = YES;
				GCC_C_LANGUAGE_STANDARD = gnu11;
				GCC_DYNAMIC_NO_PIC = NO;
				GCC_NO_COMMON_BLOCKS = YES;
				GCC_OPTIMIZATION_LEVEL = 0;
				GCC_PREPROCESSOR_DEFINITIONS = (
					"DEBUG=1",
					"$(inherited)",
				);
				GCC_WARN_64_TO_32_BIT_CONVERSION = YES;
				GCC_WARN_ABOUT_RETURN_TYPE = YES_ERROR;
				GCC_WARN_UNDECLARED_SELECTOR = YES;
				GCC_WARN_UNINITIALIZED_AUTOS = YES_AGGRESSIVE;
				GCC_WARN_UNUSED_FUNCTION = YES;
				GCC_WARN_UNUSED_VARIABLE = YES;
				IPHONEOS_DEPLOYMENT_TARGET = 11.2;
				MTL_ENABLE_DEBUG_INFO = YES;
				ONLY_ACTIVE_ARCH = YES;
				SDKROOT = iphoneos;
				SWIFT_ACTIVE_COMPILATION_CONDITIONS = DEBUG;
				SWIFT_OPTIMIZATION_LEVEL = "-Onone";
			};
			name = Debug;
		};
		DF0BC2BA2006BC9F00848759 /* Release */ = {
			isa = XCBuildConfiguration;
			buildSettings = {
				ALWAYS_SEARCH_USER_PATHS = NO;
				CLANG_ANALYZER_NONNULL = YES;
				CLANG_ANALYZER_NUMBER_OBJECT_CONVERSION = YES_AGGRESSIVE;
				CLANG_CXX_LANGUAGE_STANDARD = "gnu++14";
				CLANG_CXX_LIBRARY = "libc++";
				CLANG_ENABLE_MODULES = YES;
				CLANG_ENABLE_OBJC_ARC = YES;
				CLANG_WARN_BLOCK_CAPTURE_AUTORELEASING = YES;
				CLANG_WARN_BOOL_CONVERSION = YES;
				CLANG_WARN_COMMA = YES;
				CLANG_WARN_CONSTANT_CONVERSION = YES;
				CLANG_WARN_DIRECT_OBJC_ISA_USAGE = YES_ERROR;
				CLANG_WARN_DOCUMENTATION_COMMENTS = YES;
				CLANG_WARN_EMPTY_BODY = YES;
				CLANG_WARN_ENUM_CONVERSION = YES;
				CLANG_WARN_INFINITE_RECURSION = YES;
				CLANG_WARN_INT_CONVERSION = YES;
				CLANG_WARN_NON_LITERAL_NULL_CONVERSION = YES;
				CLANG_WARN_OBJC_LITERAL_CONVERSION = YES;
				CLANG_WARN_OBJC_ROOT_CLASS = YES_ERROR;
				CLANG_WARN_RANGE_LOOP_ANALYSIS = YES;
				CLANG_WARN_STRICT_PROTOTYPES = YES;
				CLANG_WARN_SUSPICIOUS_MOVE = YES;
				CLANG_WARN_UNGUARDED_AVAILABILITY = YES_AGGRESSIVE;
				CLANG_WARN_UNREACHABLE_CODE = YES;
				CLANG_WARN__DUPLICATE_METHOD_MATCH = YES;
				CODE_SIGN_IDENTITY = "iPhone Developer";
				COPY_PHASE_STRIP = NO;
				DEBUG_INFORMATION_FORMAT = "dwarf-with-dsym";
				ENABLE_NS_ASSERTIONS = NO;
				ENABLE_STRICT_OBJC_MSGSEND = YES;
				GCC_C_LANGUAGE_STANDARD = gnu11;
				GCC_NO_COMMON_BLOCKS = YES;
				GCC_WARN_64_TO_32_BIT_CONVERSION = YES;
				GCC_WARN_ABOUT_RETURN_TYPE = YES_ERROR;
				GCC_WARN_UNDECLARED_SELECTOR = YES;
				GCC_WARN_UNINITIALIZED_AUTOS = YES_AGGRESSIVE;
				GCC_WARN_UNUSED_FUNCTION = YES;
				GCC_WARN_UNUSED_VARIABLE = YES;
				IPHONEOS_DEPLOYMENT_TARGET = 11.2;
				MTL_ENABLE_DEBUG_INFO = NO;
				SDKROOT = iphoneos;
				SWIFT_OPTIMIZATION_LEVEL = "-Owholemodule";
				VALIDATE_PRODUCT = YES;
			};
			name = Release;
		};
		DF0BC2BC2006BC9F00848759 /* Debug */ = {
			isa = XCBuildConfiguration;
			buildSettings = {
				ASSETCATALOG_COMPILER_APPICON_NAME = AppIcon;
				CODE_SIGN_STYLE = Automatic;
				DEVELOPMENT_TEAM = 7GE4Q65N57;
				INFOPLIST_FILE = "$(SRCROOT)/ARbusters/Configurations/Info.plist";
				LD_RUNPATH_SEARCH_PATHS = "$(inherited) @executable_path/Frameworks";
				PRODUCT_BUNDLE_IDENTIFIER = "Pedro-Carrasco.ARbusters";
				PRODUCT_NAME = "$(TARGET_NAME)";
				SWIFT_VERSION = 4.0;
				TARGETED_DEVICE_FAMILY = "1,2";
			};
			name = Debug;
		};
		DF0BC2BD2006BC9F00848759 /* Release */ = {
			isa = XCBuildConfiguration;
			buildSettings = {
				ASSETCATALOG_COMPILER_APPICON_NAME = AppIcon;
				CODE_SIGN_STYLE = Automatic;
				DEVELOPMENT_TEAM = 7GE4Q65N57;
				INFOPLIST_FILE = "$(SRCROOT)/ARbusters/Configurations/Info.plist";
				LD_RUNPATH_SEARCH_PATHS = "$(inherited) @executable_path/Frameworks";
				PRODUCT_BUNDLE_IDENTIFIER = "Pedro-Carrasco.ARbusters";
				PRODUCT_NAME = "$(TARGET_NAME)";
				SWIFT_VERSION = 4.0;
				TARGETED_DEVICE_FAMILY = "1,2";
			};
			name = Release;
		};
/* End XCBuildConfiguration section */

/* Begin XCConfigurationList section */
		DF0BC2A22006BC9F00848759 /* Build configuration list for PBXProject "ARbusters" */ = {
			isa = XCConfigurationList;
			buildConfigurations = (
				DF0BC2B92006BC9F00848759 /* Debug */,
				DF0BC2BA2006BC9F00848759 /* Release */,
			);
			defaultConfigurationIsVisible = 0;
			defaultConfigurationName = Release;
		};
		DF0BC2BB2006BC9F00848759 /* Build configuration list for PBXNativeTarget "ARbusters" */ = {
			isa = XCConfigurationList;
			buildConfigurations = (
				DF0BC2BC2006BC9F00848759 /* Debug */,
				DF0BC2BD2006BC9F00848759 /* Release */,
			);
			defaultConfigurationIsVisible = 0;
			defaultConfigurationName = Release;
		};
/* End XCConfigurationList section */
	};
	rootObject = DF0BC29F2006BC9F00848759 /* Project object */;
}
